{
  "version": "2",
  "remote": {},
  "npm": {
    "specifiers": { "create-vite-extra": "create-vite-extra@0.1.9" },
    "packages": {
      "create-vite-extra@0.1.9": {
        "integrity": "sha512-C68Bk5fjlM2q64m5xMuVbenzeyi9YZHXzensFi+4xtgqjZZCNNTnSymln64WZBvXaxM9Lt0uPMfSLIIY8AWLiw==",
        "dependencies": {
          "kolorist": "kolorist@1.6.0",
          "minimist": "minimist@1.2.7",
          "prompts": "prompts@2.4.2"
        }
      },
      "kleur@3.0.3": {
        "integrity": "sha512-eTIzlVOSUR+JxdDFepEYcBMtZ9Qqdef+rnzWdRZuMbOywu5tO2w2N7rqjoANZ5k9vywhL6Br1VRjUIgTQx4E8w==",
        "dependencies": {}
      },
      "kolorist@1.6.0": {
        "integrity": "sha512-dLkz37Ab97HWMx9KTes3Tbi3D1ln9fCAy2zr2YVExJasDRPGRaKcoE4fycWNtnCAJfjFqe0cnY+f8KT2JePEXQ==",
        "dependencies": {}
      },
      "minimist@1.2.7": {
        "integrity": "sha512-bzfL1YUZsP41gmu/qjrEk0Q6i2ix/cVeAhbCbqH9u3zYutS1cLg00qhrD0M2MVdCcx4Sc0UpP2eBWo9rotpq6g==",
        "dependencies": {}
      },
      "prompts@2.4.2": {
        "integrity": "sha512-NxNv/kLguCA7p3jE8oL2aEBsrJWgAakBpgmgK6lpPWV+WuOmY6r2/zbAVnP+T8bQlA0nzHXSJSJW0Hq7ylaD2Q==",
        "dependencies": {
          "kleur": "kleur@3.0.3",
          "sisteransi": "sisteransi@1.0.5"
        }
      },
      "sisteransi@1.0.5": {
        "integrity": "sha512-bLGGlR1QxBcynn2d5YmDX4MGjlZvy2MRBDRNHLJ8VI6l6+9FUiyTFNJ0IveOSP0bcXgVDPRcfGqA0pjaqUpfVg==",
        "dependencies": {}
      }
    }
  }
}
