{
  "version": "2",
  "remote": {
    "https://deno.land/std@0.122.0/_util/assert.ts": "2f868145a042a11d5ad0a3c748dcf580add8a0dbc0e876eaa0026303a5488f58",
    "https://deno.land/std@0.122.0/_util/os.ts": "dfb186cc4e968c770ab6cc3288bd65f4871be03b93beecae57d657232ecffcac",
    "https://deno.land/std@0.122.0/fmt/colors.ts": "8368ddf2d48dfe413ffd04cdbb7ae6a1009cf0dccc9c7ff1d76259d9c61a0621",
    "https://deno.land/std@0.122.0/path/_constants.ts": "1247fee4a79b70c89f23499691ef169b41b6ccf01887a0abd131009c5581b853",
    "https://deno.land/std@0.122.0/path/_interface.ts": "1fa73b02aaa24867e481a48492b44f2598cd9dfa513c7b34001437007d3642e4",
    "https://deno.land/std@0.122.0/path/_util.ts": "2e06a3b9e79beaf62687196bd4b60a4c391d862cfa007a20fc3a39f778ba073b",
    "https://deno.land/std@0.122.0/path/common.ts": "f41a38a0719a1e85aa11c6ba3bea5e37c15dd009d705bd8873f94c833568cbc4",
    "https://deno.land/std@0.122.0/path/glob.ts": "7bf2349e818e332a830f3d8874c3f45dd7580b6c742ed50dbf6282d84ab18405",
    "https://deno.land/std@0.122.0/path/mod.ts": "4465dc494f271b02569edbb4a18d727063b5dbd6ed84283ff906260970a15d12",
    "https://deno.land/std@0.122.0/path/posix.ts": "34349174b9cd121625a2810837a82dd8b986bbaaad5ade690d1de75bbb4555b2",
    "https://deno.land/std@0.122.0/path/separator.ts": "8fdcf289b1b76fd726a508f57d3370ca029ae6976fcde5044007f062e643ff1c",
    "https://deno.land/std@0.122.0/path/win32.ts": "11549e8c6df8307a8efcfa47ad7b2a75da743eac7d4c89c9723a944661c8bd2e",
    "https://deno.land/std@0.125.0/_deno_unstable.ts": "1cb49fd91da8dba86043d461a5d74a8c0c45406b102ef46e17231b1e8cd2e941",
    "https://deno.land/std@0.125.0/_util/assert.ts": "6396c1bd0361c4939e7f32f9b03efffcd04b640a1b206ed67058553d6cb59cc4",
    "https://deno.land/std@0.125.0/_util/os.ts": "49b92edea1e82ba295ec946de8ffd956ed123e2948d9bd1d3e901b04e4307617",
    "https://deno.land/std@0.125.0/async/deadline.ts": "edbdf6cd7a5e3337c4c24c9b616491f8f1d61d36fc415d5d5b4af33557de0d23",
    "https://deno.land/std@0.125.0/async/debounce.ts": "3cf9306b4e9038ee3238111e338f412ecf3541b1a97ba9fc1f960be8af5a5f39",
    "https://deno.land/std@0.125.0/async/deferred.ts": "677692a2399d4cabbc45e06abe4f585afd6196c59e24a98edb866598af9f0eef",
    "https://deno.land/std@0.125.0/async/delay.ts": "f38013c800f5129b14fdbf41fb4f4fbaf9525f69f4266946e14d0cf57c830b0c",
    "https://deno.land/std@0.125.0/async/mod.ts": "a28709190a1966cb50e5815ef269bb588ee192373cde73b1096641820dc52a36",
    "https://deno.land/std@0.125.0/async/mux_async_iterator.ts": "35561f258d32c77170f9d1faf3d650890fb6502d5fe12f505c050b4ea1aee899",
    "https://deno.land/std@0.125.0/async/pool.ts": "97b0dd27c69544e374df857a40902e74e39532f226005543eabacb551e277082",
    "https://deno.land/std@0.125.0/async/tee.ts": "518c7bfd5184c8cd92b47115026a6a2243e81d83e2c3e71c2aa5cdb5988998b1",
    "https://deno.land/std@0.125.0/bytes/bytes_list.ts": "cfe63225fc153a1ae8f18c1d68d979e131906487664719d92771642b6587b11c",
    "https://deno.land/std@0.125.0/bytes/equals.ts": "6f38a72d4a75a1232fe984e5fb362b962c2e9bec6385f4ca13252e1ca53dba00",
    "https://deno.land/std@0.125.0/bytes/mod.ts": "ed5c42feb746c3709d186787346004f97301dc076b33434653e451efd8efcf6a",
    "https://deno.land/std@0.125.0/encoding/_yaml/dumper/dumper.ts": "51998d88c46f2720bf6c2d16416873a0501f69ea8648faf270cba41ad54a5580",
    "https://deno.land/std@0.125.0/encoding/_yaml/dumper/dumper_state.ts": "3c1bc8519c1832f0f136856881b97f0b42f64b7968767dbc36b8b0b6cae963dc",
    "https://deno.land/std@0.125.0/encoding/_yaml/error.ts": "1bc6abd61524c55a1258c4c5b57191ef96c337d3952604beb55f380ad18ac9d4",
    "https://deno.land/std@0.125.0/encoding/_yaml/loader/loader.ts": "d429d545bfed666f2e00572b6694eb70f6c7639926ff4889524e676eeccf9a8b",
    "https://deno.land/std@0.125.0/encoding/_yaml/loader/loader_state.ts": "59124e56d864274ce4043dca8bf63e937c6e960e4ad120465e424b38f3469b2d",
    "https://deno.land/std@0.125.0/encoding/_yaml/mark.ts": "7f67f43755b2602fefe52012eb3ab627880da97edd0f6c00f916ceb2ddb1b5d1",
    "https://deno.land/std@0.125.0/encoding/_yaml/parse.ts": "8f362dc01401099263d73a4bfa00bc90ea456d202507d62a11dfcfeac74484f5",
    "https://deno.land/std@0.125.0/encoding/_yaml/schema.ts": "83717fbf829f1caba84ff02e468c8792c47491fd202b1d95776ed0d8f58ea559",
    "https://deno.land/std@0.125.0/encoding/_yaml/schema/core.ts": "bcb47a389d596369fbfccf73a6b221ac3ca5440149b4f6df1e707f2efc6854ef",
    "https://deno.land/std@0.125.0/encoding/_yaml/schema/default.ts": "8b6bd9cb1cab07a3397e1cc3843edba6ad40d1bd15687c1f56cd977da834d984",
    "https://deno.land/std@0.125.0/encoding/_yaml/schema/extended.ts": "5e0bfd9a28c7a82ba40fc7ff7890df7469ec85390320349974acbc627ae1be88",
    "https://deno.land/std@0.125.0/encoding/_yaml/schema/failsafe.ts": "7254a9ca0dff8f30377098622812e55c4535aaf352fecb4ec51939e596bd74e7",
    "https://deno.land/std@0.125.0/encoding/_yaml/schema/json.ts": "2205d0d3d3377de56f92ac0f4a82bf561ea0d7b86eb195c9f0c32c7c7871d78f",
    "https://deno.land/std@0.125.0/encoding/_yaml/schema/mod.ts": "6769df6082aceee9849f71168f4353ba4f92e4a2a5a429a422debac13a593d4e",
    "https://deno.land/std@0.125.0/encoding/_yaml/state.ts": "374b8dc170417beccb364e543b25eef73576196f4a526836bb3a621b87a204a3",
    "https://deno.land/std@0.125.0/encoding/_yaml/stringify.ts": "ec15035c1928f96f4e42c0a0e9f3082512e294fd6b8ff6a0403a3ee9282f69aa",
    "https://deno.land/std@0.125.0/encoding/_yaml/type.ts": "95ad0cdbab49343b1527ebc7762c477726c34702438375be6781b44e03e9fcfc",
    "https://deno.land/std@0.125.0/encoding/_yaml/type/binary.ts": "8ae1bdeebe090133b1d1e1ef8427d5ea03f8b6f8944bd2eca578c81330700b0a",
    "https://deno.land/std@0.125.0/encoding/_yaml/type/bool.ts": "95c030531adc3d66a59979dc25c2fcdeb1f58ae40a91d6f9e9a537af0fd2b5a4",
    "https://deno.land/std@0.125.0/encoding/_yaml/type/float.ts": "0c39a6a3bb7cd90178c5bcdeb73a7b6865482db5b8b0495883289a8bc2d541fb",
    "https://deno.land/std@0.125.0/encoding/_yaml/type/function.ts": "b5642dda5ef8d47c0325a2b89a022cbce3be45ba21f8c4f9202364d967c6b3e5",
    "https://deno.land/std@0.125.0/encoding/_yaml/type/int.ts": "7197cba96ad8ad3c596ca34a364dacdf91ef396c462c6c2daecbdec056353f3d",
    "https://deno.land/std@0.125.0/encoding/_yaml/type/map.ts": "78bf5447d2e3f79d59bf7cb63a76ca7797854a0d8e2154c6fd35775c4e5c8c61",
    "https://deno.land/std@0.125.0/encoding/_yaml/type/merge.ts": "094b272e6087c6aef39cd9617fa6603ec934e507faad6c276d293e2734f9b083",
    "https://deno.land/std@0.125.0/encoding/_yaml/type/mod.ts": "b2f267dc0b0296cf8f6109aa129e2cf6d1e1f8c59f8903f0330c18749eca2d3c",
    "https://deno.land/std@0.125.0/encoding/_yaml/type/nil.ts": "1988843acab56e99e883cd047c40cc7fb799b6d335f541f022ae3b914abcbe35",
    "https://deno.land/std@0.125.0/encoding/_yaml/type/omap.ts": "fd3f2f9a8ae634996da84d021353ac8bf4b41e714f2711159d756d0e2f3aabd1",
    "https://deno.land/std@0.125.0/encoding/_yaml/type/pairs.ts": "90736f87b6e39a144205a235d8851f7bebf6bb3835fd03742c30253d5ecd7ec5",
    "https://deno.land/std@0.125.0/encoding/_yaml/type/regexp.ts": "a9e70491fa7ede8689b933d81142aa7635a253733a4df626bd479c55cb64222e",
    "https://deno.land/std@0.125.0/encoding/_yaml/type/seq.ts": "135f37a1b6dcb3688bc0dad0c9dc3a04370b1fc94267960586ea23877ffd3088",
    "https://deno.land/std@0.125.0/encoding/_yaml/type/set.ts": "2937ac0e1ce8c121a4009e74568e341e2a380fdb5f41f16050ce2ca7537b2bd8",
    "https://deno.land/std@0.125.0/encoding/_yaml/type/str.ts": "6420d3a0099d9fbc35861241b7dad65b800ff3909efe71ab71c895326187ab8d",
    "https://deno.land/std@0.125.0/encoding/_yaml/type/timestamp.ts": "3db0667dd9bdc3b3f0e8596fff023e87bc9fca230a545bb67d0bf3b732c1c656",
    "https://deno.land/std@0.125.0/encoding/_yaml/type/undefined.ts": "5b595082d064cf50a3345f5fdda8c02beb0768e9d97d4bd4c53ac81a9f94e185",
    "https://deno.land/std@0.125.0/encoding/_yaml/utils.ts": "c7e6bf055b08fffe700c7cbdfa2939cab7b9676ff75b6dc98d72d41b3b173d37",
    "https://deno.land/std@0.125.0/encoding/yaml.ts": "6760095814791325684cd146d10d49eef32bc4328a0516bf88fac9dc2cffa423",
    "https://deno.land/std@0.125.0/fmt/colors.ts": "870f10d440af4c309ab7bff97266d8ddb2c8a69039bcbd33253c8bfc14502116",
    "https://deno.land/std@0.125.0/fs/_util.ts": "0fb24eb4bfebc2c194fb1afdb42b9c3dda12e368f43e8f2321f84fc77d42cb0f",
    "https://deno.land/std@0.125.0/fs/copy.ts": "9248d1492599957af8c693ceb10a432b09f0b0b61c60a4d6aff29b0c7d3a17b3",
    "https://deno.land/std@0.125.0/fs/empty_dir.ts": "7274d87160de34cbed0531e284df383045cf43543bbeadeb97feac598bd8f3c5",
    "https://deno.land/std@0.125.0/fs/ensure_dir.ts": "9dc109c27df4098b9fc12d949612ae5c9c7169507660dcf9ad90631833209d9d",
    "https://deno.land/std@0.125.0/fs/ensure_file.ts": "7d353e64fee3d4d1e7c6b6726a2a5e987ba402c15fb49566309042887349c545",
    "https://deno.land/std@0.125.0/fs/ensure_link.ts": "489e23df9fe3e6636048b5830ddf0f111eb29621eb85719255ad9bd645f3471b",
    "https://deno.land/std@0.125.0/fs/ensure_symlink.ts": "88dc83de1bc90ed883dd458c2d2eae3d5834a4617d12925734836e1f0803b274",
    "https://deno.land/std@0.125.0/fs/eol.ts": "ebd5061ae0ce1936b4d019c928c77c420b32e61cf472681c644fe377ccf4774d",
    "https://deno.land/std@0.125.0/fs/exists.ts": "cb734d872f8554ea40b8bff77ad33d4143c1187eac621a55bf37781a43c56f6d",
    "https://deno.land/std@0.125.0/fs/expand_glob.ts": "0c10130d67c9b02164b03df8e43c6d6defbf8e395cb69d09e84a8586e6d72ac3",
    "https://deno.land/std@0.125.0/fs/mod.ts": "4dc052c461c171abb5c25f6e0f218ab838a716230930b534ba351745864b7d6d",
    "https://deno.land/std@0.125.0/fs/move.ts": "0573cedcf583f09a9494f2dfccbf67de68a93629942d6b5e6e74a9e45d4e8a2e",
    "https://deno.land/std@0.125.0/fs/walk.ts": "117403ccd21fd322febe56ba06053b1ad5064c802170f19b1ea43214088fe95f",
    "https://deno.land/std@0.125.0/io/buffer.ts": "22a7e7c6f693a9c3547d0caa2dcae2a5582cb5b1bec22b28322d0352a9209e34",
    "https://deno.land/std@0.125.0/io/types.d.ts": "01f60ae7ec02675b5dbed150d258fc184a78dfe5c209ef53ba4422b46b58822c",
    "https://deno.land/std@0.125.0/path/_constants.ts": "df1db3ffa6dd6d1252cc9617e5d72165cd2483df90e93833e13580687b6083c3",
    "https://deno.land/std@0.125.0/path/_interface.ts": "ee3b431a336b80cf445441109d089b70d87d5e248f4f90ff906820889ecf8d09",
    "https://deno.land/std@0.125.0/path/_util.ts": "c1e9686d0164e29f7d880b2158971d805b6e0efc3110d0b3e24e4b8af2190d2b",
    "https://deno.land/std@0.125.0/path/common.ts": "bee563630abd2d97f99d83c96c2fa0cca7cee103e8cb4e7699ec4d5db7bd2633",
    "https://deno.land/std@0.125.0/path/glob.ts": "cb5255638de1048973c3e69e420c77dc04f75755524cb3b2e160fe9277d939ee",
    "https://deno.land/std@0.125.0/path/mod.ts": "4275129bb766f0e475ecc5246aa35689eeade419d72a48355203f31802640be7",
    "https://deno.land/std@0.125.0/path/posix.ts": "663e4a6fe30a145f56aa41a22d95114c4c5582d8b57d2d7c9ed27ad2c47636bb",
    "https://deno.land/std@0.125.0/path/separator.ts": "fe1816cb765a8068afb3e8f13ad272351c85cbc739af56dacfc7d93d710fe0f9",
    "https://deno.land/std@0.125.0/path/win32.ts": "e7bdf63e8d9982b4d8a01ef5689425c93310ece950e517476e22af10f41a136e",
    "https://deno.land/std@0.125.0/permissions/mod.ts": "aede9c82587f26bb13832e147befa8f90d6865fbf6bf56c0aa21ec83fcdafdda",
    "https://deno.land/std@0.141.0/_util/assert.ts": "e94f2eb37cebd7f199952e242c77654e43333c1ac4c5c700e929ea3aa5489f74",
    "https://deno.land/std@0.141.0/_util/os.ts": "3b4c6e27febd119d36a416d7a97bd3b0251b77c88942c8f16ee5953ea13e2e49",
    "https://deno.land/std@0.141.0/bytes/bytes_list.ts": "67eb118e0b7891d2f389dad4add35856f4ad5faab46318ff99653456c23b025d",
    "https://deno.land/std@0.141.0/bytes/equals.ts": "fc16dff2090cced02497f16483de123dfa91e591029f985029193dfaa9d894c9",
    "https://deno.land/std@0.141.0/bytes/mod.ts": "763f97d33051cc3f28af1a688dfe2830841192a9fea0cbaa55f927b49d49d0bf",
    "https://deno.land/std@0.141.0/io/buffer.ts": "bd0c4bf53db4b4be916ca5963e454bddfd3fcd45039041ea161dbf826817822b",
    "https://deno.land/std@0.141.0/io/types.d.ts": "01f60ae7ec02675b5dbed150d258fc184a78dfe5c209ef53ba4422b46b58822c",
    "https://deno.land/std@0.141.0/path/_constants.ts": "df1db3ffa6dd6d1252cc9617e5d72165cd2483df90e93833e13580687b6083c3",
    "https://deno.land/std@0.141.0/path/_interface.ts": "ee3b431a336b80cf445441109d089b70d87d5e248f4f90ff906820889ecf8d09",
    "https://deno.land/std@0.141.0/path/_util.ts": "c1e9686d0164e29f7d880b2158971d805b6e0efc3110d0b3e24e4b8af2190d2b",
    "https://deno.land/std@0.141.0/path/common.ts": "bee563630abd2d97f99d83c96c2fa0cca7cee103e8cb4e7699ec4d5db7bd2633",
    "https://deno.land/std@0.141.0/path/glob.ts": "cb5255638de1048973c3e69e420c77dc04f75755524cb3b2e160fe9277d939ee",
    "https://deno.land/std@0.141.0/path/mod.ts": "d3e68d0abb393fb0bf94a6d07c46ec31dc755b544b13144dee931d8d5f06a52d",
    "https://deno.land/std@0.141.0/path/posix.ts": "293cdaec3ecccec0a9cc2b534302dfe308adb6f10861fa183275d6695faace44",
    "https://deno.land/std@0.141.0/path/separator.ts": "fe1816cb765a8068afb3e8f13ad272351c85cbc739af56dacfc7d93d710fe0f9",
    "https://deno.land/std@0.141.0/path/win32.ts": "31811536855e19ba37a999cd8d1b62078235548d67902ece4aa6b814596dd757",
    "https://deno.land/std@0.148.0/dotenv/mod.ts": "7b24a0e2d6daf1b5ab167547161766949e0cb7d6e3cf5c49783753aec72e4440",
    "https://deno.land/std@0.148.0/dotenv/util.ts": "6cc392f087577a26a27f0463f77cc0c31a390aa055917099935b36eb2454592d",
    "https://deno.land/std@0.150.0/fmt/colors.ts": "6f9340b7fb8cc25a993a99e5efc56fe81bb5af284ff412129dd06df06f53c0b4",
    "https://deno.land/std@0.150.0/testing/_diff.ts": "029a00560b0d534bc0046f1bce4bd36b3b41ada3f2a3178c85686eb2ff5f1413",
    "https://deno.land/std@0.150.0/testing/_format.ts": "0d8dc79eab15b67cdc532826213bbe05bccfd276ca473a50a3fc7bbfb7260642",
    "https://deno.land/std@0.150.0/testing/_test_suite.ts": "ad453767aeb8c300878a6b7920e20370f4ce92a7b6c8e8a5d1ac2b7c14a09acb",
    "https://deno.land/std@0.150.0/testing/asserts.ts": "0ee58a557ac764e762c62bb21f00e7d897e3919e71be38b2d574fb441d721005",
    "https://deno.land/std@0.150.0/testing/bdd.ts": "182bb823e09bd75b76063ecf50722870101b7cfadf97a09fa29127279dc21128",
    "https://deno.land/std@0.153.0/_util/assert.ts": "e94f2eb37cebd7f199952e242c77654e43333c1ac4c5c700e929ea3aa5489f74",
    "https://deno.land/std@0.153.0/_util/os.ts": "3b4c6e27febd119d36a416d7a97bd3b0251b77c88942c8f16ee5953ea13e2e49",
    "https://deno.land/std@0.153.0/path/_constants.ts": "df1db3ffa6dd6d1252cc9617e5d72165cd2483df90e93833e13580687b6083c3",
    "https://deno.land/std@0.153.0/path/_interface.ts": "ee3b431a336b80cf445441109d089b70d87d5e248f4f90ff906820889ecf8d09",
    "https://deno.land/std@0.153.0/path/_util.ts": "d16be2a16e1204b65f9d0dfc54a9bc472cafe5f4a190b3c8471ec2016ccd1677",
    "https://deno.land/std@0.153.0/path/common.ts": "bee563630abd2d97f99d83c96c2fa0cca7cee103e8cb4e7699ec4d5db7bd2633",
    "https://deno.land/std@0.153.0/path/glob.ts": "cb5255638de1048973c3e69e420c77dc04f75755524cb3b2e160fe9277d939ee",
    "https://deno.land/std@0.153.0/path/mod.ts": "56fec03ad0ebd61b6ab39ddb9b0ddb4c4a5c9f2f4f632e09dd37ec9ebfd722ac",
    "https://deno.land/std@0.153.0/path/posix.ts": "c1f7afe274290ea0b51da07ee205653b2964bd74909a82deb07b69a6cc383aaa",
    "https://deno.land/std@0.153.0/path/separator.ts": "fe1816cb765a8068afb3e8f13ad272351c85cbc739af56dacfc7d93d710fe0f9",
    "https://deno.land/std@0.153.0/path/win32.ts": "bd7549042e37879c68ff2f8576a25950abbfca1d696d41d82c7bca0b7e6f452c",
    "https://deno.land/std@0.160.0/_util/assert.ts": "e94f2eb37cebd7f199952e242c77654e43333c1ac4c5c700e929ea3aa5489f74",
    "https://deno.land/std@0.160.0/_util/os.ts": "8a33345f74990e627b9dfe2de9b040004b08ea5146c7c9e8fe9a29070d193934",
    "https://deno.land/std@0.160.0/async/abortable.ts": "87aa7230be8360c24ad437212311c9e8d4328854baec27b4c7abb26e85515c06",
    "https://deno.land/std@0.160.0/async/deadline.ts": "48ac998d7564969f3e6ec6b6f9bf0217ebd00239b1b2292feba61272d5dd58d0",
    "https://deno.land/std@0.160.0/async/debounce.ts": "dc8b92d4a4fe7eac32c924f2b8d3e62112530db70cadce27042689d82970b350",
    "https://deno.land/std@0.160.0/async/deferred.ts": "d8fb253ffde2a056e4889ef7e90f3928f28be9f9294b6505773d33f136aab4e6",
    "https://deno.land/std@0.160.0/async/delay.ts": "0419dfc993752849692d1f9647edf13407c7facc3509b099381be99ffbc9d699",
    "https://deno.land/std@0.160.0/async/mod.ts": "dd0a8ed4f3984ffabe2fcca7c9f466b7932d57b1864ffee148a5d5388316db6b",
    "https://deno.land/std@0.160.0/async/mux_async_iterator.ts": "3447b28a2a582224a3d4d3596bccbba6e85040da3b97ed64012f7decce98d093",
    "https://deno.land/std@0.160.0/async/pool.ts": "ef9eb97b388543acbf0ac32647121e4dbe629236899586c4d4311a8770fbb239",
    "https://deno.land/std@0.160.0/async/tee.ts": "9af3a3e7612af75861308b52249e167f5ebc3dcfc8a1a4d45462d96606ee2b70",
    "https://deno.land/std@0.160.0/bytes/bytes_list.ts": "aba5e2369e77d426b10af1de0dcc4531acecec27f9b9056f4f7bfbf8ac147ab4",
    "https://deno.land/std@0.160.0/bytes/equals.ts": "3c3558c3ae85526f84510aa2b48ab2ad7bdd899e2e0f5b7a8ffc85acb3a6043a",
    "https://deno.land/std@0.160.0/bytes/mod.ts": "b2e342fd3669176a27a4e15061e9d588b89c1aaf5008ab71766e23669565d179",
    "https://deno.land/std@0.160.0/crypto/_fnv/fnv32.ts": "aa9bddead8c6345087d3abd4ef35fb9655622afc333fc41fff382b36e64280b5",
    "https://deno.land/std@0.160.0/crypto/_fnv/fnv64.ts": "625d7e7505b6cb2e9801b5fd6ed0a89256bac12b2bbb3e4664b85a88b0ec5bef",
    "https://deno.land/std@0.160.0/crypto/_fnv/index.ts": "a8f6a361b4c6d54e5e89c16098f99b6962a1dd6ad1307dbc97fa1ecac5d7060a",
    "https://deno.land/std@0.160.0/crypto/_fnv/util.ts": "4848313bed7f00f55be3cb080aa0583fc007812ba965b03e4009665bde614ce3",
    "https://deno.land/std@0.160.0/crypto/_wasm_crypto/lib/deno_std_wasm_crypto.generated.mjs": "258b484c2da27578bec61c01d4b62c21f72268d928d03c968c4eb590cb3bd830",
    "https://deno.land/std@0.160.0/crypto/_wasm_crypto/mod.ts": "6c60d332716147ded0eece0861780678d51b560f533b27db2e15c64a4ef83665",
    "https://deno.land/std@0.160.0/crypto/keystack.ts": "e481eed28007395e554a435e880fee83a5c73b9259ed8a135a75e4b1e4f381f7",
    "https://deno.land/std@0.160.0/crypto/mod.ts": "fadedc013b4a86fda6305f1adc6d1c02225834d53cff5d95cc05f62b25127517",
    "https://deno.land/std@0.160.0/crypto/timing_safe_equal.ts": "82a29b737bc8932d75d7a20c404136089d5d23629e94ba14efa98a8cc066c73e",
    "https://deno.land/std@0.160.0/datetime/formatter.ts": "7c8e6d16a0950f400aef41b9f1eb9168249869776ec520265dfda785d746589e",
    "https://deno.land/std@0.160.0/datetime/mod.ts": "ea927ca96dfb28c7b9a5eed5bdc7ac46bb9db38038c4922631895cea342fea87",
    "https://deno.land/std@0.160.0/datetime/tokenizer.ts": "7381e28f6ab51cb504c7e132be31773d73ef2f3e1e50a812736962b9df1e8c47",
    "https://deno.land/std@0.160.0/encoding/base64.ts": "c57868ca7fa2fbe919f57f88a623ad34e3d970d675bdc1ff3a9d02bba7409db2",
    "https://deno.land/std@0.160.0/encoding/base64url.ts": "a5f82a9fa703bd85a5eb8e7c1296bc6529e601ebd9642cc2b5eaa6b38fa9e05a",
    "https://deno.land/std@0.160.0/encoding/hex.ts": "4cc5324417cbb4ac9b828453d35aed45b9cc29506fad658f1f138d981ae33795",
    "https://deno.land/std@0.160.0/fmt/colors.ts": "9e36a716611dcd2e4865adea9c4bec916b5c60caad4cdcdc630d4974e6bb8bd4",
    "https://deno.land/std@0.160.0/io/buffer.ts": "fae02290f52301c4e0188670e730cd902f9307fb732d79c4aa14ebdc82497289",
    "https://deno.land/std@0.160.0/io/types.d.ts": "107e1e64834c5ba917c783f446b407d33432c5d612c4b3430df64fc2b4ecf091",
    "https://deno.land/std@0.160.0/path/_constants.ts": "df1db3ffa6dd6d1252cc9617e5d72165cd2483df90e93833e13580687b6083c3",
    "https://deno.land/std@0.160.0/path/_interface.ts": "ee3b431a336b80cf445441109d089b70d87d5e248f4f90ff906820889ecf8d09",
    "https://deno.land/std@0.160.0/path/_util.ts": "d16be2a16e1204b65f9d0dfc54a9bc472cafe5f4a190b3c8471ec2016ccd1677",
    "https://deno.land/std@0.160.0/path/common.ts": "bee563630abd2d97f99d83c96c2fa0cca7cee103e8cb4e7699ec4d5db7bd2633",
    "https://deno.land/std@0.160.0/path/glob.ts": "cb5255638de1048973c3e69e420c77dc04f75755524cb3b2e160fe9277d939ee",
    "https://deno.land/std@0.160.0/path/mod.ts": "56fec03ad0ebd61b6ab39ddb9b0ddb4c4a5c9f2f4f632e09dd37ec9ebfd722ac",
    "https://deno.land/std@0.160.0/path/posix.ts": "6b63de7097e68c8663c84ccedc0fd977656eb134432d818ecd3a4e122638ac24",
    "https://deno.land/std@0.160.0/path/separator.ts": "fe1816cb765a8068afb3e8f13ad272351c85cbc739af56dacfc7d93d710fe0f9",
    "https://deno.land/std@0.160.0/path/win32.ts": "ee8826dce087d31c5c81cd414714e677eb68febc40308de87a2ce4b40e10fb8d",
    "https://deno.land/std@0.160.0/testing/_diff.ts": "a23e7fc2b4d8daa3e158fa06856bedf5334ce2a2831e8bf9e509717f455adb2c",
    "https://deno.land/std@0.160.0/testing/_format.ts": "cd11136e1797791045e639e9f0f4640d5b4166148796cad37e6ef75f7d7f3832",
    "https://deno.land/std@0.160.0/testing/asserts.ts": "1e340c589853e82e0807629ba31a43c84ebdcdeca910c4a9705715dfdb0f5ce8",
    "https://deno.land/std@0.165.0/_util/asserts.ts": "d0844e9b62510f89ce1f9878b046f6a57bf88f208a10304aab50efcb48365272",
    "https://deno.land/std@0.165.0/_util/os.ts": "8a33345f74990e627b9dfe2de9b040004b08ea5146c7c9e8fe9a29070d193934",
    "https://deno.land/std@0.165.0/fs/_util.ts": "fdc156f897197f261a1c096dcf8ff9267ed0ff42bd5b31f55053a4763a4bae3b",
    "https://deno.land/std@0.165.0/fs/ensure_dir.ts": "76395fc1c989ca8d2de3aedfa8240eb8f5225cde20f926de957995b063135b80",
    "https://deno.land/std@0.165.0/path/_constants.ts": "df1db3ffa6dd6d1252cc9617e5d72165cd2483df90e93833e13580687b6083c3",
    "https://deno.land/std@0.165.0/path/_interface.ts": "ee3b431a336b80cf445441109d089b70d87d5e248f4f90ff906820889ecf8d09",
    "https://deno.land/std@0.165.0/path/_util.ts": "d16be2a16e1204b65f9d0dfc54a9bc472cafe5f4a190b3c8471ec2016ccd1677",
    "https://deno.land/std@0.165.0/path/common.ts": "bee563630abd2d97f99d83c96c2fa0cca7cee103e8cb4e7699ec4d5db7bd2633",
    "https://deno.land/std@0.165.0/path/glob.ts": "cb5255638de1048973c3e69e420c77dc04f75755524cb3b2e160fe9277d939ee",
    "https://deno.land/std@0.165.0/path/mod.ts": "56fec03ad0ebd61b6ab39ddb9b0ddb4c4a5c9f2f4f632e09dd37ec9ebfd722ac",
    "https://deno.land/std@0.165.0/path/posix.ts": "6b63de7097e68c8663c84ccedc0fd977656eb134432d818ecd3a4e122638ac24",
    "https://deno.land/std@0.165.0/path/separator.ts": "fe1816cb765a8068afb3e8f13ad272351c85cbc739af56dacfc7d93d710fe0f9",
    "https://deno.land/std@0.165.0/path/win32.ts": "7cebd2bda6657371adc00061a1d23fdd87bcdf64b4843bb148b0b24c11b40f69",
    "https://deno.land/std@0.170.0/_util/asserts.ts": "d0844e9b62510f89ce1f9878b046f6a57bf88f208a10304aab50efcb48365272",
    "https://deno.land/std@0.170.0/_util/os.ts": "8a33345f74990e627b9dfe2de9b040004b08ea5146c7c9e8fe9a29070d193934",
    "https://deno.land/std@0.170.0/fs/_util.ts": "fdc156f897197f261a1c096dcf8ff9267ed0ff42bd5b31f55053a4763a4bae3b",
    "https://deno.land/std@0.170.0/fs/ensure_dir.ts": "5e9e3d7da7fc5b5e391e6d9ccead17086d76e82fb46ccc7cc9b9ee3491bab6e0",
    "https://deno.land/std@0.170.0/path/_constants.ts": "df1db3ffa6dd6d1252cc9617e5d72165cd2483df90e93833e13580687b6083c3",
    "https://deno.land/std@0.170.0/path/_interface.ts": "ee3b431a336b80cf445441109d089b70d87d5e248f4f90ff906820889ecf8d09",
    "https://deno.land/std@0.170.0/path/_util.ts": "d16be2a16e1204b65f9d0dfc54a9bc472cafe5f4a190b3c8471ec2016ccd1677",
    "https://deno.land/std@0.170.0/path/common.ts": "bee563630abd2d97f99d83c96c2fa0cca7cee103e8cb4e7699ec4d5db7bd2633",
    "https://deno.land/std@0.170.0/path/glob.ts": "81cc6c72be002cd546c7a22d1f263f82f63f37fe0035d9726aa96fc8f6e4afa1",
    "https://deno.land/std@0.170.0/path/mod.ts": "cf7cec7ac11b7048bb66af8ae03513e66595c279c65cfa12bfc07d9599608b78",
    "https://deno.land/std@0.170.0/path/posix.ts": "b859684bc4d80edfd4cad0a82371b50c716330bed51143d6dcdbe59e6278b30c",
    "https://deno.land/std@0.170.0/path/separator.ts": "fe1816cb765a8068afb3e8f13ad272351c85cbc739af56dacfc7d93d710fe0f9",
    "https://deno.land/std@0.170.0/path/win32.ts": "7cebd2bda6657371adc00061a1d23fdd87bcdf64b4843bb148b0b24c11b40f69",
    "https://deno.land/std@0.63.0/_util/assert.ts": "e1f76e77c5ccb5a8e0dbbbe6cce3a56d2556c8cb5a9a8802fc9565af72462149",
    "https://deno.land/std@0.63.0/async/deferred.ts": "ac95025f46580cf5197928ba90995d87f26e202c19ad961bc4e3177310894cdc",
    "https://deno.land/std@0.63.0/async/delay.ts": "35957d585a6e3dd87706858fb1d6b551cb278271b03f52c5a2cb70e65e00c26a",
    "https://deno.land/std@0.63.0/async/mod.ts": "39f2602a005805dd1e6b9da4ee5391b14d15e8fec4fa5494a6165c599911d746",
    "https://deno.land/std@0.63.0/async/mux_async_iterator.ts": "1352b10a5cee1821a963eb8f4f05603bd7e25f8886eaf8d1888f4b416ddccdf5",
    "https://deno.land/std@0.63.0/async/pool.ts": "a499691231d8c249f044f69d204b479ad3af7f115e0b37342829eff076bc2450",
    "https://deno.land/std@0.63.0/bytes/mod.ts": "b1a149ac741728db00bda9ce1a2d044f248edd5ac95e708a6cc501bfd3adb4a7",
    "https://deno.land/std@0.63.0/encoding/_yaml/dumper/dumper.ts": "bbba05d5512a86822019c5aee0409f54acb9e8dfea6c315d6436b06fdb930322",
    "https://deno.land/std@0.63.0/encoding/_yaml/dumper/dumper_state.ts": "845517613527218e8cd3de7289123bb6ff3dcfc59ace1e0ee8cf2363f886352e",
    "https://deno.land/std@0.63.0/encoding/_yaml/error.ts": "5a4ce54c2dbf51c9c61c3f7b7326d28d390cfa31dc032b230f2150b0bc5473c4",
    "https://deno.land/std@0.63.0/encoding/_yaml/loader/loader.ts": "4f84ff75385c021f43847805bc360d7b7ac3abca0bb07489f2f564ab55f4f6fc",
    "https://deno.land/std@0.63.0/encoding/_yaml/loader/loader_state.ts": "989782bee7bed2bac0aea371c9bfd0bf5ec333ec19d0bb5a49d941db646b5243",
    "https://deno.land/std@0.63.0/encoding/_yaml/mark.ts": "881d920ddc87241ab5f7285e0bd4cb2c16c76bae28612a35cc0a1fa14ff18578",
    "https://deno.land/std@0.63.0/encoding/_yaml/parse.ts": "9c688142dfe02e08d48e3da338fa7bafea7c4fc1d0e46f3566dcf6a08ee1815d",
    "https://deno.land/std@0.63.0/encoding/_yaml/schema.ts": "7e50dc4c30824fedc7262c5ccf7e9a1b37708e6f9824abb8269bc8ea2b8a2b36",
    "https://deno.land/std@0.63.0/encoding/_yaml/schema/core.ts": "d29ca6499a0ca37d814a5d09040c5e4865ddd0d949a5e77806dc8429cb098a29",
    "https://deno.land/std@0.63.0/encoding/_yaml/schema/default.ts": "ea0b1da3efd16c9356cd86e5cf7a5a75473cca7d8ab96659ae5e4066561f5cd9",
    "https://deno.land/std@0.63.0/encoding/_yaml/schema/failsafe.ts": "2c96de9a5b2f42233c387e352c406091f84ebf1771bf9a4912fc09ed2dfbfc15",
    "https://deno.land/std@0.63.0/encoding/_yaml/schema/json.ts": "e1b18a1297b4a68d44ea812f03a343753acfa724df75d6100e0400c09421eaf0",
    "https://deno.land/std@0.63.0/encoding/_yaml/schema/mod.ts": "976a2cd8f9590f12c098713b871d3122c082c8218d6cdc3963c262a6a255a3a4",
    "https://deno.land/std@0.63.0/encoding/_yaml/state.ts": "7e2c0f513b06aafc3c6749fa0f5f90c70e8bea7c32e45dd8984390d1f6a6a0d7",
    "https://deno.land/std@0.63.0/encoding/_yaml/stringify.ts": "3e32c3171d40c7dd6f82a2dd7e3502362b4d9643dd3a9aa8b67a24a0118fadfd",
    "https://deno.land/std@0.63.0/encoding/_yaml/type.ts": "cd7636eb7ccaa6f16471a21f505495afd78552a924fc7f0f85e94f7ca2fe76cb",
    "https://deno.land/std@0.63.0/encoding/_yaml/type/binary.ts": "c623dcfe99070cb6b706c57babd1cb5f9a5ba39ef1f7665d2008468cd9253586",
    "https://deno.land/std@0.63.0/encoding/_yaml/type/bool.ts": "d29a7ec151f23ba60d81fbff653f7dfab8db10830811805390f2de1bf08ecea4",
    "https://deno.land/std@0.63.0/encoding/_yaml/type/float.ts": "53d173264d108e003a68f015bc315bee3bb3cb499588cbb585ad759929961e49",
    "https://deno.land/std@0.63.0/encoding/_yaml/type/int.ts": "8e8a1c1188584683366d674c5d5483acbd3631feb2fc53cbfbd9dcb30c0c40eb",
    "https://deno.land/std@0.63.0/encoding/_yaml/type/map.ts": "9c2cd7acd9211faa25083cee61e703acd74778151fc1fface8dc8b93f8ba41fa",
    "https://deno.land/std@0.63.0/encoding/_yaml/type/merge.ts": "4f255e7f007fe2da1dba131b296c53e039c0b0e04540e977cbac3730bbb8c052",
    "https://deno.land/std@0.63.0/encoding/_yaml/type/mod.ts": "1086644fb36cabd2dac739b06ca7aa49f21fce951efc5ee5702c8a7626c7e6d1",
    "https://deno.land/std@0.63.0/encoding/_yaml/type/nil.ts": "ff4bd60b83b5989e82664584041fb9cdce85b31fa6e0cdc8a8dc5b25a4be3650",
    "https://deno.land/std@0.63.0/encoding/_yaml/type/omap.ts": "8ec79eda0af93f9208f38aa6834384ebf8f38d2c544f265bd58b498789493de9",
    "https://deno.land/std@0.63.0/encoding/_yaml/type/pairs.ts": "6558daa5791624779ecda21715cfc9869b74d7e081ae34f3b8a8c90738412afa",
    "https://deno.land/std@0.63.0/encoding/_yaml/type/seq.ts": "4721c571a08a1e05086d092047c0717b86dac34b8acdcdb54acb0f2839493b67",
    "https://deno.land/std@0.63.0/encoding/_yaml/type/set.ts": "7cbdee3ebaaff175a587219b7485822bae31a393520498bb3e8086f9ad67a0dc",
    "https://deno.land/std@0.63.0/encoding/_yaml/type/str.ts": "283ab0937dd6c1d990de8b2f502f18f69ff63a8fdc58c6999f26513a4f74fe3c",
    "https://deno.land/std@0.63.0/encoding/_yaml/type/timestamp.ts": "81dcce9119a26db94339c11ade6a9e93cd00b5d26d902691a3902841c68f475f",
    "https://deno.land/std@0.63.0/encoding/_yaml/utils.ts": "8361a1f394c3e2f166b4b860e386ace36ff2519ad073a63bb3873e63a7841ab3",
    "https://deno.land/std@0.63.0/encoding/yaml.ts": "f60f56addab7cffa465e0f35fb2b5296158bd952aa50cb8b22aa446861ce093b",
    "https://deno.land/std@0.63.0/fmt/colors.ts": "eb606cfb06e3f03a0222f09768a9701de2dd31c1fc8fa3a939137792a472962a",
    "https://deno.land/std@0.63.0/fs/_util.ts": "68508c05d5a02678179a02beabf2b3eac5b16c5a9cbd1c272686d8101bb2679d",
    "https://deno.land/std@0.63.0/fs/copy.ts": "b562e8f482cb8459bb011cbd769769bbdb4f6bc966effd277c06edbdbe41b72e",
    "https://deno.land/std@0.63.0/fs/empty_dir.ts": "4d706eb01e5d08d862c673200d1978526e485368559fc7fb0f297add68f9cc43",
    "https://deno.land/std@0.63.0/fs/ensure_dir.ts": "54cf0cfb16160857116d1bdff98214ad0189275fe2f089607fdc06c52ac79cc4",
    "https://deno.land/std@0.63.0/fs/ensure_file.ts": "b70eccaee6f41ae226d399ad9c8ebc29beb5dd86fe179d30ab7e681976352baf",
    "https://deno.land/std@0.63.0/fs/ensure_link.ts": "f647cea5c3b65f4a6618444546e9ca891d38f54f7fd4c718fb1fd575b4232213",
    "https://deno.land/std@0.63.0/fs/ensure_symlink.ts": "d472af1507fb920db214f6816522ddc89eefd5800735243873053b2523882ec1",
    "https://deno.land/std@0.63.0/fs/eol.ts": "4a0b2a612e0639b76d9c5fab0392e7bf1a158a7dab191ff7b7564870a1173812",
    "https://deno.land/std@0.63.0/fs/exists.ts": "5429dce6587bfcdde06a7a2a1fd5ad932c17d74ca082e67934fa646cff1d2e57",
    "https://deno.land/std@0.63.0/fs/expand_glob.ts": "415a109faaf50f8bf3e116bac534928a72373d0a981784e6130d91d11ce543a6",
    "https://deno.land/std@0.63.0/fs/mod.ts": "88bb982130bb86df1cb350619fed4118c4cc439eeced6484330b7255e3a16568",
    "https://deno.land/std@0.63.0/fs/move.ts": "020f56063c66288facbebc7d3c8dd3f309b0949fcaea49e463ccd5217fc82e2c",
    "https://deno.land/std@0.63.0/fs/read_json.ts": "6922a9adc50cd2a7233298fd7b7ad9062d8602a55d4abb2b72d23ef0268b1306",
    "https://deno.land/std@0.63.0/fs/walk.ts": "1715028b1646648b1239b9f93ff42beaf38f8e77424f8f9c2ffab9ee1594a54f",
    "https://deno.land/std@0.63.0/fs/write_json.ts": "89a6231f51a6759dfff8f1f5534d030c2239c22fc9f3c0b3305d424f4f1d5604",
    "https://deno.land/std@0.63.0/io/bufio.ts": "e76c5b7bf978a638aae6f62b87efde3ab7203b85902ce9b84ac8388c8c2bb104",
    "https://deno.land/std@0.63.0/log/handlers.ts": "2c4fb9dca841efb551aac78dcb64db410ca4c4e7878aff2b49806d4a95621447",
    "https://deno.land/std@0.63.0/log/levels.ts": "d274b41f2dc909c6eef4e71c8a50ccbc81ea4e1df28cb268f02942966a205593",
    "https://deno.land/std@0.63.0/log/logger.ts": "0fea81c91a0af2971293323953ee30185c1bc776abb9ac79e9062efa3126692d",
    "https://deno.land/std@0.63.0/log/mod.ts": "6d25b51c7f7f8184b69cfb68ef6177d2ea5e08b76e4c1e3297d205094feb1186",
    "https://deno.land/std@0.63.0/path/_constants.ts": "e11f32a36644e04dce243f3c1f30c02cc5d149827f48a755628176f0707cfc70",
    "https://deno.land/std@0.63.0/path/_globrex.ts": "cfd1af99fb5ed2eff9b49aef994cdf7a14a5d26cd32b14c60b27bfff49839c82",
    "https://deno.land/std@0.63.0/path/_interface.ts": "5876f91d35fd42624893a4aaddaee352144e1f46e719f1dde6511bab7c3c1029",
    "https://deno.land/std@0.63.0/path/_util.ts": "f0fa012d40ae9b6acbef03908e534eb11e694de6470fb4d78ea4f38829e735ab",
    "https://deno.land/std@0.63.0/path/common.ts": "e4ec66a7416d56f60331b66e27a8a4f08c7b1cf48e350271cb69754a01cf5c04",
    "https://deno.land/std@0.63.0/path/glob.ts": "dbcda011329b5ba0f955823e578af19a8bf8d01586a07925b42affe885544e62",
    "https://deno.land/std@0.63.0/path/mod.ts": "6de8885c2534757097818e302becd1cefcbc4c28ac022cc279e612ee04e8cfd1",
    "https://deno.land/std@0.63.0/path/posix.ts": "1a6e53e1c90dde43750f38134ace0f6300f7330f5456b60d4979a4564fcf5f7a",
    "https://deno.land/std@0.63.0/path/separator.ts": "9dd15d46ff84a16e13554f56af7fee1f85f8d0f379efbbe60ac066a60561f036",
    "https://deno.land/std@0.63.0/path/win32.ts": "b530878b0f3f281c7f06fa73dc8e89a15106ab06e88ca1dea27394d09a1b0514",
    "https://deno.land/std@0.63.0/permissions/mod.ts": "2049ffa80abe36dfa120a838be9d60c02306c960dcabaffcc2863ca553531e13",
    "https://deno.land/std@0.97.0/_util/assert.ts": "2f868145a042a11d5ad0a3c748dcf580add8a0dbc0e876eaa0026303a5488f58",
    "https://deno.land/std@0.97.0/_util/os.ts": "e282950a0eaa96760c0cf11e7463e66babd15ec9157d4c9ed49cc0925686f6a7",
    "https://deno.land/std@0.97.0/bytes/bytes_list.ts": "a13287edb03f19d27ba4927dec6d6de3e5bd46254cd4aee6f7e5815810122673",
    "https://deno.land/std@0.97.0/bytes/mod.ts": "1ae1ccfe98c4b979f12b015982c7444f81fcb921bea7aa215bf37d84f46e1e13",
    "https://deno.land/std@0.97.0/encoding/base64.ts": "eecae390f1f1d1cae6f6c6d732ede5276bf4b9cd29b1d281678c054dc5cc009e",
    "https://deno.land/std@0.97.0/encoding/hex.ts": "f952e0727bddb3b2fd2e6889d104eacbd62e92091f540ebd6459317a61932d9b",
    "https://deno.land/std@0.97.0/fmt/colors.ts": "db22b314a2ae9430ae7460ce005e0a7130e23ae1c999157e3bb77cf55800f7e4",
    "https://deno.land/std@0.97.0/fs/_util.ts": "f2ce811350236ea8c28450ed822a5f42a0892316515b1cd61321dec13569c56b",
    "https://deno.land/std@0.97.0/fs/ensure_dir.ts": "b7c103dc41a3d1dbbb522bf183c519c37065fdc234831a4a0f7d671b1ed5fea7",
    "https://deno.land/std@0.97.0/fs/exists.ts": "b0d2e31654819cc2a8d37df45d6b14686c0cc1d802e9ff09e902a63e98b85a00",
    "https://deno.land/std@0.97.0/hash/_wasm/hash.ts": "cb6ad1ab429f8ac9d6eae48f3286e08236d662e1a2e5cfd681ba1c0f17375895",
    "https://deno.land/std@0.97.0/hash/_wasm/wasm.js": "94b1b997ae6fb4e6d2156bcea8f79cfcd1e512a91252b08800a92071e5e84e1a",
    "https://deno.land/std@0.97.0/hash/hasher.ts": "57a9ec05dd48a9eceed319ac53463d9873490feea3832d58679df6eec51c176b",
    "https://deno.land/std@0.97.0/hash/mod.ts": "5d032bd34186cda2f8d17fc122d621430953a6030d4b3f11172004715e3e2441",
    "https://deno.land/std@0.97.0/io/buffer.ts": "ed3528e299fd1e0dc056c4b5005a07b28c3dabad2595f077a562ff7b06fe89a5",
    "https://deno.land/std@0.97.0/io/bufio.ts": "61d11414e83d2b504eb8ea2fca3c2670470ee2fe2e5fe82bdd81eb55dc11ac4a",
    "https://deno.land/std@0.97.0/io/types.d.ts": "89a27569399d380246ca7cdd9e14d5e68459f11fb6110790cc5ecbd4ee7f3215",
    "https://deno.land/std@0.97.0/io/util.ts": "318be78b7954da25f0faffe123fef0d9423ea61af98467e860c06b60265eff6d",
    "https://deno.land/std@0.97.0/log/handlers.ts": "d7f96064b1db110f66a4c51bda59eeb0698c0c13a1eeaccf85843bdb1d5a0b90",
    "https://deno.land/std@0.97.0/log/levels.ts": "088a883039ece5fa0da5f74bc7688654045ea7cb01bf200b438191a28d728eae",
    "https://deno.land/std@0.97.0/log/logger.ts": "6b2dd8cbe6f407100b9becfe61595d7681f8ce3692412fad843de84d617a038e",
    "https://deno.land/std@0.97.0/log/mod.ts": "91711789b28803082b1bdfb123d2c9685a7e01767f2e79c0a82706063ad964d8",
    "https://deno.land/std@0.97.0/path/_constants.ts": "1247fee4a79b70c89f23499691ef169b41b6ccf01887a0abd131009c5581b853",
    "https://deno.land/std@0.97.0/path/_interface.ts": "1fa73b02aaa24867e481a48492b44f2598cd9dfa513c7b34001437007d3642e4",
    "https://deno.land/std@0.97.0/path/_util.ts": "2e06a3b9e79beaf62687196bd4b60a4c391d862cfa007a20fc3a39f778ba073b",
    "https://deno.land/std@0.97.0/path/common.ts": "eaf03d08b569e8a87e674e4e265e099f237472b6fd135b3cbeae5827035ea14a",
    "https://deno.land/std@0.97.0/path/glob.ts": "314ad9ff263b895795208cdd4d5e35a44618ca3c6dd155e226fb15d065008652",
    "https://deno.land/std@0.97.0/path/mod.ts": "4465dc494f271b02569edbb4a18d727063b5dbd6ed84283ff906260970a15d12",
    "https://deno.land/std@0.97.0/path/posix.ts": "f56c3c99feb47f30a40ce9d252ef6f00296fa7c0fcb6dd81211bdb3b8b99ca3b",
    "https://deno.land/std@0.97.0/path/separator.ts": "8fdcf289b1b76fd726a508f57d3370ca029ae6976fcde5044007f062e643ff1c",
    "https://deno.land/std@0.97.0/path/win32.ts": "77f7b3604e0de40f3a7c698e8a79e7f601dc187035a1c21cb1e596666ce112f8",
    "https://deno.land/std@0.97.0/testing/_diff.ts": "961eaf6d9f5b0a8556c9d835bbc6fa74f5addd7d3b02728ba7936ff93364f7a3",
    "https://deno.land/std@0.97.0/testing/asserts.ts": "341292d12eebc44be4c3c2ca101ba8b6b5859cef2fa69d50c217f9d0bfbcfd1f",
    "https://deno.land/x/branch@0.1.6/branch.ts": "73afddd373e16d12990c3419ecf2bb8a0a5cc55214ebf734638ff493c10889fb",
    "https://deno.land/x/branch@0.1.6/deps.ts": "545b894291831a03b72e43a8407c67739f7c4ae41c98b90b79bbb86d08362d20",
    "https://deno.land/x/branch@0.1.6/mod.ts": "08d49becec5bb0df08a582b87076d07a89af1733f6d17938bd8dba95744f7f84",
    "https://deno.land/x/cache@0.2.13/cache.ts": "4005aad54fb9aac9ff02526ffa798032e57f2d7966905fdeb7949263b1c95f2f",
    "https://deno.land/x/cache@0.2.13/deps.ts": "6f14e76a1a09f329e3f3830c6e72bd10b53a89a75769d5ea886e5d8603e503e6",
    "https://deno.land/x/cache@0.2.13/directories.ts": "ef48531cab3f827252e248596d15cede0de179a2fb15392ae24cf8034519994f",
    "https://deno.land/x/cache@0.2.13/file.ts": "5abe7d80c6ac594c98e66eb4262962139f48cd9c49dbe2a77e9608760508a09a",
    "https://deno.land/x/cache@0.2.13/file_fetcher.ts": "5c793cc83a5b9377679ec313b2a2321e51bf7ed15380fa82d387f1cdef3b924f",
    "https://deno.land/x/cache@0.2.13/helpers.ts": "d1545d6432277b7a0b5ea254d1c51d572b6452a8eadd9faa7ad9c5586a1725c4",
    "https://deno.land/x/cache@0.2.13/mod.ts": "3188250d3a013ef6c9eb060e5284cf729083af7944a29e60bb3d8597dd20ebcd",
    "https://deno.land/x/denogresdev@v1.0.17/deps.ts": "68a26b3f951ed8bc3eeb122987826c63250a75c71d99f19776f1ff6e66afb4fa",
    "https://deno.land/x/denogresdev@v1.0.17/mod.ts": "213460c7cb7d3c5bc50dab082f9f88299c5f77f5e42cc3c0b5a497e1e83eba4e",
    "https://deno.land/x/denogresdev@v1.0.17/src/class/Association.ts": "cd8d96a843d22bacc7e60a2a716912919e8469b4e95a3e6d51fed86ab6469327",
    "https://deno.land/x/denogresdev@v1.0.17/src/class/Model.ts": "927173bcf9f67feb972e6da50262dd79adb545ddde8b44532860741f04d1e840",
    "https://deno.land/x/denogresdev@v1.0.17/src/constants/sqlDataTypes.ts": "d079db999895eb667b4fedf3fec4697e92aba67b1e78f10d56b3c222dc2def1f",
    "https://deno.land/x/denogresdev@v1.0.17/src/functions/Db.ts": "c1cf0205ccef2c63d11ed8ec8124794d6ffe79948ab81fcd092fe0ec2bf88fc0",
    "https://deno.land/x/denogresdev@v1.0.17/src/functions/StringFormat.ts": "eeb59c35314a22b7d5303a5e1fb1728b8f4109617db634dfb868ae44c66da9df",
    "https://deno.land/x/denogresdev@v1.0.17/src/functions/checkDbPull.ts": "af6372aa3ab176861c86c1c8b3b76500e6abe0bccacbc59433cb471a8f05789a",
    "https://deno.land/x/denogresdev@v1.0.17/src/functions/checkDbSync.ts": "40a07e98bb4eb0f2c8933c463d1ac713388159724ac7c617f56c77d21a72dce4",
    "https://deno.land/x/denogresdev@v1.0.17/src/functions/dbPull.ts": "3abfff67bc5c11913b7ccb480159ecf69ca8b01fde8c3c4e9673f51cab375f16",
    "https://deno.land/x/denogresdev@v1.0.17/src/functions/enumParser.ts": "f60322f501e03285473b65fc7df15e43dfeea93994014aac950560c79c295686",
    "https://deno.land/x/denogresdev@v1.0.17/src/functions/enumSync.ts": "bc7e14f3364edba952fc7f9e09e84cdfa4d79cca69861cd2fffbe8c6ccf7d366",
    "https://deno.land/x/denogresdev@v1.0.17/src/functions/init.ts": "ea2cdfbbf518dd5e054ea2b3db2c60a76b468e4346fc7f379c95ad7486a8fa03",
    "https://deno.land/x/denogresdev@v1.0.17/src/functions/introspect.ts": "36ac85576383ba0c68987b55fa5edd0c70a0b1577ddd8045c98a9173c95b0ed5",
    "https://deno.land/x/denogresdev@v1.0.17/src/functions/modelParser.ts": "369c0d616fee59c496cc05cec0f19e6b4a9348e8456e4c10244b6a5e24113890",
    "https://deno.land/x/denogresdev@v1.0.17/src/functions/myLog.ts": "b3cbd76bf3a0b726ec68435a8432d5b304e57da5f5e9186efe3f53a02fa4603c",
    "https://deno.land/x/denogresdev@v1.0.17/src/functions/restore.ts": "da9d8d64c6d4304b653d256061e028b7d499d208131cf8f8a7bc4fc7cf2bb5ee",
    "https://deno.land/x/denogresdev@v1.0.17/src/functions/seed.ts": "8427d586f58a69f130f96f63931772226759e76cf4ec527bddbef60944009318",
    "https://deno.land/x/denogresdev@v1.0.17/src/functions/sync.ts": "2e1fbe33fb7a588be875388d988c00f1cdc318156b7f96f7559efc7150141c99",
    "https://deno.land/x/denogresdev@v1.0.17/src/queries/introspection.ts": "c3cd9b50e1d887561e320a02fba86784279e58fd4676be79fecc620c0af57451",
    "https://deno.land/x/denon@2.3.1/denon.ts": "b6be2b50301d32fc5e1db93c067cf5859b576da25d1e45d1699334d60cfffda6",
    "https://deno.land/x/denon@2.3.1/deps.ts": "a2c50f04147b76c3d2c95088bd6de3e324cb6350d99eb1dc1bc7bb158f090aae",
    "https://deno.land/x/denon@2.3.1/info.ts": "9e7eb42f59e32d4186d22a93559493f02d8032e93343a2517a68324991c0c5fe",
    "https://deno.land/x/denon@2.3.1/src/args.ts": "3dc108fd93bf4a49388a2b2914926be41eca6381eb7a0818c93a625b32ba5fcc",
    "https://deno.land/x/denon@2.3.1/src/cli.ts": "aac7e4fd6263ac0ed6fb3f3b128953544783c562fb0e4c80ff18e7dc92e512f9",
    "https://deno.land/x/denon@2.3.1/src/config.ts": "b4fd468fc927a3e4548f01391317595a2bfdad5fe8d70c04c7fe3b4818932141",
    "https://deno.land/x/denon@2.3.1/src/daemon.ts": "7c824e31da97a905f1fc60f9c58d787aacce1a8dbdf3a78f6078b6d8647ab5c4",
    "https://deno.land/x/denon@2.3.1/src/log.ts": "8f6725731f9245e7acc064183faf8d3d8f6b66d9d88fd023ab72bd1bdfbfb316",
    "https://deno.land/x/denon@2.3.1/src/merge.ts": "aba9784e3804b3a8c8703f6cd8c3a0df9b8ee3c8131f27251abf66f98fea192c",
    "https://deno.land/x/denon@2.3.1/src/runner.ts": "11234a02e40e997781d3f0de685cbe4b9916bd7d5b2c1a7078af383088d31f8c",
    "https://deno.land/x/denon@2.3.1/src/scripts.ts": "2e8254fdf2dd19c4da17b33a935167313fe10d56b72fd0849ed1fb75edc2970a",
    "https://deno.land/x/denon@2.3.1/src/templates.ts": "02359d13dc097bdc9896e806033fb8f64c2f84540f181300cdbaaa6019ab3a77",
    "https://deno.land/x/denon@2.3.1/src/watcher.ts": "5ed49edec92019afb0266fa0e56bdd62c3da6bcd5e32d830225d496a1164bbf7",
    "https://deno.land/x/denon@2.5.0/denon.ts": "6972278bbb30589fd8c4a22788dfc7e76589559422dbf035240312a4005f1119",
    "https://deno.land/x/denon@2.5.0/deps.ts": "c0e967b569fc8569d97c1e3c803131a52684520049db8d1d2271843b33bb5c8f",
    "https://deno.land/x/denon@2.5.0/info.ts": "14131eb43d562d63cdaf012e125f3e6cfc9939fd184697cc37afc01f9748850b",
    "https://deno.land/x/denon@2.5.0/src/args.ts": "f654ea46920048bf8f9f9efa8ddfe3f2cf7eca5c731495e4a533518aacb67a31",
    "https://deno.land/x/denon@2.5.0/src/cli.ts": "ce45886c48067529c66d38fc4fee391a451ea7072f290c9fa20808f67e3edd2d",
    "https://deno.land/x/denon@2.5.0/src/config.ts": "a129b632e50d41c48a4812a8295df3d7ef784d526541301d334e223e658a28a3",
    "https://deno.land/x/denon@2.5.0/src/daemon.ts": "1f3f23822171410a08939a73412cb5b7b87b47c3b8e58640ce450c032e968598",
    "https://deno.land/x/denon@2.5.0/src/merge.ts": "8824e4c9e77218a6875caa6445ee97b743f0c5e6a6b986c215bcf732e972ad27",
    "https://deno.land/x/denon@2.5.0/src/runner.ts": "5c2702415dcb96f171495c330053387023f211d13181919352f82a0c16a5cf13",
    "https://deno.land/x/denon@2.5.0/src/scripts.ts": "b05dc15a3a34ec9662db3164bcce6dae940a5f6b2d90a85309e4f7819614d8d7",
    "https://deno.land/x/denon@2.5.0/src/templates.ts": "fc27646efd09dca1166e6935d7bc19a6f19cfc71484ab72701cecaa3e1f3cc19",
    "https://deno.land/x/denon@2.5.0/src/watcher.ts": "88b279ca2fd9a4cc5765b5b9d316c5fe1b2c2e47397aa4308f113534f0ea4183",
    "https://deno.land/x/dotenv@v3.2.0/load.ts": "cbd76a0aee01aad8d09222afaa1dd04b84d9d3e44637503b01bf77a91df9e041",
    "https://deno.land/x/dotenv@v3.2.0/mod.ts": "077b48773de9205266a0b44c3c3a3c3083449ed64bb0b6cc461b95720678d38e",
    "https://deno.land/x/dotenv@v3.2.0/util.ts": "693730877b13f8ead2b79b2aa31e2a0652862f7dc0c5f6d2f313f4d39c7b7670",
    "https://deno.land/x/levenshtein@v1.0.1/mod.ts": "6b632d4a9bb11ba6d5d02a770c7fc9b0a4125f30bd9c668632ff85e7f05ff4f6",
    "https://deno.land/x/plug@0.5.2/deps.ts": "0f53866f60dc4f89bbc3be9d096f7501f2068a51923db220f43f0ad284b6b892",
    "https://deno.land/x/plug@0.5.2/plug.ts": "e495c772bc3b19eb30d820bb83f1b75f6047e3009e19d9a5d81dbe68ca642fd9",
    "https://deno.land/x/postgres@v0.17.0/client.ts": "348779c9f6a1c75ef1336db662faf08dce7d2101ff72f0d1e341ba1505c8431d",
    "https://deno.land/x/postgres@v0.17.0/client/error.ts": "0817583b666fd546664ed52c1d37beccc5a9eebcc6e3c2ead20ada99b681e5f7",
    "https://deno.land/x/postgres@v0.17.0/connection/auth.ts": "1070125e2ac4ca4ade36d69a4222d37001903092826d313217987583edd61ce9",
    "https://deno.land/x/postgres@v0.17.0/connection/connection.ts": "428ed3efa055870db505092b5d3545ef743497b7b4b72cf8f0593e7dd4788acd",
    "https://deno.land/x/postgres@v0.17.0/connection/connection_params.ts": "52bfe90e8860f584b95b1b08c254dde97c3aa763c4b6bee0c80c5930e35459e0",
    "https://deno.land/x/postgres@v0.17.0/connection/message.ts": "f9257948b7f87d58bfbfe3fc6e2e08f0de3ef885655904d56a5f73655cc22c5a",
    "https://deno.land/x/postgres@v0.17.0/connection/message_code.ts": "466719008b298770c366c5c63f6cf8285b7f76514dadb4b11e7d9756a8a1ddbf",
    "https://deno.land/x/postgres@v0.17.0/connection/packet.ts": "050aeff1fc13c9349e89451a155ffcd0b1343dc313a51f84439e3e45f64b56c8",
    "https://deno.land/x/postgres@v0.17.0/connection/scram.ts": "0c7a2551fe7b1a1c62dd856b7714731a7e7534ccca10093336782d1bfc5b2bd2",
    "https://deno.land/x/postgres@v0.17.0/deps.ts": "f47ccb41f7f97eaad455d94f407ef97146ae99443dbe782894422c869fbba69e",
    "https://deno.land/x/postgres@v0.17.0/mod.ts": "a1e18fd9e6fedc8bc24e5aeec3ae6de45e2274be1411fb66e9081420c5e81d7d",
    "https://deno.land/x/postgres@v0.17.0/pool.ts": "892db7b5e1787988babecc994a151ebbd7d017f080905cbe9c3d7b44a73032a9",
    "https://deno.land/x/postgres@v0.17.0/query/array_parser.ts": "f8a229d82c3801de8266fa2cc4afe12e94fef8d0c479e73655c86ed3667ef33f",
    "https://deno.land/x/postgres@v0.17.0/query/decode.ts": "44a4a6cbcf494ed91a4fecae38a57dce63a7b519166f02c702791d9717371419",
    "https://deno.land/x/postgres@v0.17.0/query/decoders.ts": "16cb0e60227d86692931e315421b15768c78526e3aeb84e25fcc4111096de9fd",
    "https://deno.land/x/postgres@v0.17.0/query/encode.ts": "5f1418a2932b7c2231556e4a5f5f56efef48728014070cfafe7656963f342933",
    "https://deno.land/x/postgres@v0.17.0/query/oid.ts": "8c33e1325f34e4ca9f11a48b8066c8cfcace5f64bc1eb17ad7247af4936999e1",
    "https://deno.land/x/postgres@v0.17.0/query/query.ts": "edb473cbcfeff2ee1c631272afb25d079d06b66b5853f42492725b03ffa742b6",
    "https://deno.land/x/postgres@v0.17.0/query/transaction.ts": "8e75c3ce0aca97da7fe126e68f8e6c08d640e5c8d2016e62cee5c254bebe7fe8",
    "https://deno.land/x/postgres@v0.17.0/query/types.ts": "a6dc8024867fe7ccb0ba4b4fa403ee5d474c7742174128c8e689c3b5e5eaa933",
    "https://deno.land/x/postgres@v0.17.0/utils/deferred.ts": "dd94f2a57355355c47812b061a51b55263f72d24e9cb3fdb474c7519f4d61083",
    "https://deno.land/x/postgres@v0.17.0/utils/utils.ts": "19c3527ddd5c6c4c49ae36397120274c7f41f9d3cbf479cb36065d23329e9f90",
    "https://deno.land/x/webview@0.7.4/deps.ts": "2852c4ad82c03d9ca96d23a9d2c932899e553069b201ba155b1b7eee7f097f49",
    "https://deno.land/x/webview@0.7.4/mod.ts": "c63ad9bffdf37742d84aa3637e1a4e7e3cad7303a80bbe87ce3048b27d2f3d89",
    "https://deno.land/x/webview@0.7.4/src/ffi.ts": "24bfda3acb7e0dd4dfa52ff1dde194628e48cfa5657f3642063d9dec3bed457c",
    "https://deno.land/x/webview@0.7.4/src/webview.ts": "6b02222ca727f83a38a38fa22d7dda41b35ff02dfa9d6a6a48d8c115c2057d77"
  },
  "npm": {
    "specifiers": { "create-vite-extra": "create-vite-extra@0.1.9" },
    "packages": {
      "create-vite-extra@0.1.9": {
        "integrity": "sha512-C68Bk5fjlM2q64m5xMuVbenzeyi9YZHXzensFi+4xtgqjZZCNNTnSymln64WZBvXaxM9Lt0uPMfSLIIY8AWLiw==",
        "dependencies": {
          "kolorist": "kolorist@1.6.0",
          "minimist": "minimist@1.2.7",
          "prompts": "prompts@2.4.2"
        }
      },
      "kleur@3.0.3": {
        "integrity": "sha512-eTIzlVOSUR+JxdDFepEYcBMtZ9Qqdef+rnzWdRZuMbOywu5tO2w2N7rqjoANZ5k9vywhL6Br1VRjUIgTQx4E8w==",
        "dependencies": {}
      },
      "kolorist@1.6.0": {
        "integrity": "sha512-dLkz37Ab97HWMx9KTes3Tbi3D1ln9fCAy2zr2YVExJasDRPGRaKcoE4fycWNtnCAJfjFqe0cnY+f8KT2JePEXQ==",
        "dependencies": {}
      },
      "minimist@1.2.7": {
        "integrity": "sha512-bzfL1YUZsP41gmu/qjrEk0Q6i2ix/cVeAhbCbqH9u3zYutS1cLg00qhrD0M2MVdCcx4Sc0UpP2eBWo9rotpq6g==",
        "dependencies": {}
      },
      "prompts@2.4.2": {
        "integrity": "sha512-NxNv/kLguCA7p3jE8oL2aEBsrJWgAakBpgmgK6lpPWV+WuOmY6r2/zbAVnP+T8bQlA0nzHXSJSJW0Hq7ylaD2Q==",
        "dependencies": {
          "kleur": "kleur@3.0.3",
          "sisteransi": "sisteransi@1.0.5"
        }
      },
      "sisteransi@1.0.5": {
        "integrity": "sha512-bLGGlR1QxBcynn2d5YmDX4MGjlZvy2MRBDRNHLJ8VI6l6+9FUiyTFNJ0IveOSP0bcXgVDPRcfGqA0pjaqUpfVg==",
        "dependencies": {}
      }
    }
  }
}
